
Microsoft Visual Studio Solution File, Format Version 12.00
# Visual Studio Version 16
VisualStudioVersion = 16.0.30907.101
MinimumVisualStudioVersion = 10.0.40219.1
Project("{FAE04EC0-301F-11D3-BF4B-00C04F79EFBC}") = "AS_Assignment_192739S", "AS_Assignment_192739S\AS_Assignment_192739S.csproj", "{2E5F2D05-C6A4-4DA2-8E9F-0E5EA868415C}"
EndProject
Global
	GlobalSection(SolutionConfigurationPlatforms) = preSolution
		Debug|Any CPU = Debug|Any CPU
		Release|Any CPU = Release|Any CPU
	EndGlobalSection
	GlobalSection(ProjectConfigurationPlatforms) = postSolution
		{2E5F2D05-C6A4-4DA2-8E9F-0E5EA868415C}.Debug|Any CPU.ActiveCfg = Debug|Any CPU
		{2E5F2D05-C6A4-4DA2-8E9F-0E5EA868415C}.Debug|Any CPU.Build.0 = Debug|Any CPU
		{2E5F2D05-C6A4-4DA2-8E9F-0E5EA868415C}.Release|Any CPU.ActiveCfg = Release|Any CPU
		{2E5F2D05-C6A4-4DA2-8E9F-0E5EA868415C}.Release|Any CPU.Build.0 = Release|Any CPU
	EndGlobalSection
	GlobalSection(SolutionProperties) = preSolution
		HideSolutionNode = FALSE
	EndGlobalSection
	GlobalSection(ExtensibilityGlobals) = postSolution
		SolutionGuid = {B8F2C796-1E9D-49A1-A87B-E794F9C058A4}
	EndGlobalSection
EndGlobal
